// !$*UTF8*$!
{
	archiveVersion = 1;
	classes = {
	};
	objectVersion = 46;
	objects = {

/* Begin PBXBuildFile section */
		183A0A8F19CFACE50042FCB2 /* TableViewController.swift in Sources */ = {isa = PBXBuildFile; fileRef = 183A0A8E19CFACE50042FCB2 /* TableViewController.swift */; };
		18E15A4119CCF0490014B63F /* AppDelegate.swift in Sources */ = {isa = PBXBuildFile; fileRef = 18E15A4019CCF0490014B63F /* AppDelegate.swift */; };
		18E15A4619CCF0490014B63F /* Main.storyboard in Resources */ = {isa = PBXBuildFile; fileRef = 18E15A4419CCF0490014B63F /* Main.storyboard */; };
		18E15A4819CCF0490014B63F /* Images.xcassets in Resources */ = {isa = PBXBuildFile; fileRef = 18E15A4719CCF0490014B63F /* Images.xcassets */; };
		18E15A4B19CCF0490014B63F /* LaunchScreen.xib in Resources */ = {isa = PBXBuildFile; fileRef = 18E15A4919CCF0490014B63F /* LaunchScreen.xib */; };
		18E15A5719CCF0490014B63F /* simpleAppTests.swift in Sources */ = {isa = PBXBuildFile; fileRef = 18E15A5619CCF0490014B63F /* simpleAppTests.swift */; };
/* End PBXBuildFile section */

/* Begin PBXContainerItemProxy section */
		18E15A5119CCF0490014B63F /* PBXContainerItemProxy */ = {
			isa = PBXContainerItemProxy;
			containerPortal = 18E15A3319CCF0490014B63F /* Project object */;
			proxyType = 1;
			remoteGlobalIDString = 18E15A3A19CCF0490014B63F;
			remoteInfo = simpleApp;
		};
/* End PBXContainerItemProxy section */

/* Begin PBXFileReference section */
		183A0A8E19CFACE50042FCB2 /* TableViewController.swift */ = {isa = PBXFileReference; fileEncoding = 4; lastKnownFileType = sourcecode.swift; path = TableViewController.swift; sourceTree = "<group>"; };
		18E15A3B19CCF0490014B63F /* simpleApp.app */ = {isa = PBXFileReference; explicitFileType = wrapper.application; includeInIndex = 0; path = simpleApp.app; sourceTree = BUILT_PRODUCTS_DIR; };
		18E15A3F19CCF0490014B63F /* Info.plist */ = {isa = PBXFileReference; lastKnownFileType = text.plist.xml; path = Info.plist; sourceTree = "<group>"; };
		18E15A4019CCF0490014B63F /* AppDelegate.swift */ = {isa = PBXFileReference; lastKnownFileType = sourcecode.swift; path = AppDelegate.swift; sourceTree = "<group>"; };
		18E15A4519CCF0490014B63F /* Base */ = {isa = PBXFileReference; lastKnownFileType = file.storyboard; name = Base; path = Base.lproj/Main.storyboard; sourceTree = "<group>"; };
		18E15A4719CCF0490014B63F /* Images.xcassets */ = {isa = PBXFileReference; lastKnownFileType = folder.assetcatalog; path = Images.xcassets; sourceTree = "<group>"; };
		18E15A4A19CCF0490014B63F /* Base */ = {isa = PBXFileReference; lastKnownFileType = file.xib; name = Base; path = Base.lproj/LaunchScreen.xib; sourceTree = "<group>"; };
		18E15A5019CCF0490014B63F /* simpleAppTests.xctest */ = {isa = PBXFileReference; explicitFileType = wrapper.cfbundle; includeInIndex = 0; path = simpleAppTests.xctest; sourceTree = BUILT_PRODUCTS_DIR; };
		18E15A5519CCF0490014B63F /* Info.plist */ = {isa = PBXFileReference; lastKnownFileType = text.plist.xml; path = Info.plist; sourceTree = "<group>"; };
		18E15A5619CCF0490014B63F /* simpleAppTests.swift */ = {isa = PBXFileReference; lastKnownFileType = sourcecode.swift; path = simpleAppTests.swift; sourceTree = "<group>"; };
/* End PBXFileReference section */

/* Begin PBXFrameworksBuildPhase section */
		18E15A3819CCF0490014B63F /* Frameworks */ = {
			isa = PBXFrameworksBuildPhase;
			buildActionMask = 2147483647;
			files = (
			);
			runOnlyForDeploymentPostprocessing = 0;
		};
		18E15A4D19CCF0490014B63F /* Frameworks */ = {
			isa = PBXFrameworksBuildPhase;
			buildActionMask = 2147483647;
			files = (
			);
			runOnlyForDeploymentPostprocessing = 0;
		};
/* End PBXFrameworksBuildPhase section */

/* Begin PBXGroup section */
		18E15A3219CCF0490014B63F = {
			isa = PBXGroup;
			children = (
				18E15A3D19CCF0490014B63F /* simpleApp */,
				18E15A5319CCF0490014B63F /* simpleAppTests */,
				18E15A3C19CCF0490014B63F /* Products */,
			);
			sourceTree = "<group>";
		};
		18E15A3C19CCF0490014B63F /* Products */ = {
			isa = PBXGroup;
			children = (
				18E15A3B19CCF0490014B63F /* simpleApp.app */,
				18E15A5019CCF0490014B63F /* simpleAppTests.xctest */,
			);
			name = Products;
			sourceTree = "<group>";
		};
		18E15A3D19CCF0490014B63F /* simpleApp */ = {
			isa = PBXGroup;
			children = (
				18E15A4019CCF0490014B63F /* AppDelegate.swift */,
				18E15A4419CCF0490014B63F /* Main.storyboard */,
				183A0A8E19CFACE50042FCB2 /* TableViewController.swift */,
				18E15A4719CCF0490014B63F /* Images.xcassets */,
				18E15A4919CCF0490014B63F /* LaunchScreen.xib */,
				18E15A3E19CCF0490014B63F /* Supporting Files */,
			);
			path = simpleApp;
			sourceTree = "<group>";
		};
		18E15A3E19CCF0490014B63F /* Supporting Files */ = {
			isa = PBXGroup;
			children = (
				18E15A3F19CCF0490014B63F /* Info.plist */,
			);
			name = "Supporting Files";
			sourceTree = "<group>";
		};
		18E15A5319CCF0490014B63F /* simpleAppTests */ = {
			isa = PBXGroup;
			children = (
				18E15A5619CCF0490014B63F /* simpleAppTests.swift */,
				18E15A5419CCF0490014B63F /* Supporting Files */,
			);
			path = simpleAppTests;
			sourceTree = "<group>";
		};
		18E15A5419CCF0490014B63F /* Supporting Files */ = {
			isa = PBXGroup;
			children = (
				18E15A5519CCF0490014B63F /* Info.plist */,
			);
			name = "Supporting Files";
			sourceTree = "<group>";
		};
/* End PBXGroup section */

/* Begin PBXNativeTarget section */
		18E15A3A19CCF0490014B63F /* simpleApp */ = {
			isa = PBXNativeTarget;
			buildConfigurationList = 18E15A5A19CCF0490014B63F /* Build configuration list for PBXNativeTarget "simpleApp" */;
			buildPhases = (
				18E15A3719CCF0490014B63F /* Sources */,
				18E15A3819CCF0490014B63F /* Frameworks */,
				18E15A3919CCF0490014B63F /* Resources */,
			);
			buildRules = (
			);
			dependencies = (
			);
			name = simpleApp;
			productName = simpleApp;
			productReference = 18E15A3B19CCF0490014B63F /* simpleApp.app */;
			productType = "com.apple.product-type.application";
		};
		18E15A4F19CCF0490014B63F /* simpleAppTests */ = {
			isa = PBXNativeTarget;
			buildConfigurationList = 18E15A5D19CCF0490014B63F /* Build configuration list for PBXNativeTarget "simpleAppTests" */;
			buildPhases = (
				18E15A4C19CCF0490014B63F /* Sources */,
				18E15A4D19CCF0490014B63F /* Frameworks */,
				18E15A4E19CCF0490014B63F /* Resources */,
			);
			buildRules = (
			);
			dependencies = (
				18E15A5219CCF0490014B63F /* PBXTargetDependency */,
			);
			name = simpleAppTests;
			productName = simpleAppTests;
			productReference = 18E15A5019CCF0490014B63F /* simpleAppTests.xctest */;
			productType = "com.apple.product-type.bundle.unit-test";
		};
/* End PBXNativeTarget section */

/* Begin PBXProject section */
		18E15A3319CCF0490014B63F /* Project object */ = {
			isa = PBXProject;
			attributes = {
				LastUpgradeCheck = 0600;
				ORGANIZATIONNAME = "LESONG JIA";
				TargetAttributes = {
					18E15A3A19CCF0490014B63F = {
						CreatedOnToolsVersion = 6.0.1;
						DevelopmentTeam = 4TDV9L7PXP;
					};
					18E15A4F19CCF0490014B63F = {
						CreatedOnToolsVersion = 6.0.1;
						TestTargetID = 18E15A3A19CCF0490014B63F;
					};
				};
			};
			buildConfigurationList = 18E15A3619CCF0490014B63F /* Build configuration list for PBXProject "simpleApp" */;
			compatibilityVersion = "Xcode 3.2";
			developmentRegion = English;
			hasScannedForEncodings = 0;
			knownRegions = (
				en,
				Base,
			);
			mainGroup = 18E15A3219CCF0490014B63F;
			productRefGroup = 18E15A3C19CCF0490014B63F /* Products */;
			projectDirPath = "";
			projectRoot = "";
			targets = (
				18E15A3A19CCF0490014B63F /* simpleApp */,
				18E15A4F19CCF0490014B63F /* simpleAppTests */,
			);
		};
/* End PBXProject section */

/* Begin PBXResourcesBuildPhase section */
		18E15A3919CCF0490014B63F /* Resources */ = {
			isa = PBXResourcesBuildPhase;
			buildActionMask = 2147483647;
			files = (
				18E15A4619CCF0490014B63F /* Main.storyboard in Resources */,
				18E15A4B19CCF0490014B63F /* LaunchScreen.xib in Resources */,
				18E15A4819CCF0490014B63F /* Images.xcassets in Resources */,
			);
			runOnlyForDeploymentPostprocessing = 0;
		};
		18E15A4E19CCF0490014B63F /* Resources */ = {
			isa = PBXResourcesBuildPhase;
			buildActionMask = 2147483647;
			files = (
			);
			runOnlyForDeploymentPostprocessing = 0;
		};
/* End PBXResourcesBuildPhase section */

/* Begin PBXSourcesBuildPhase section */
		18E15A3719CCF0490014B63F /* Sources */ = {
			isa = PBXSourcesBuildPhase;
			buildActionMask = 2147483647;
			files = (
				18E15A4119CCF0490014B63F /* AppDelegate.swift in Sources */,
				183A0A8F19CFACE50042FCB2 /* TableViewController.swift in Sources */,
			);
			runOnlyForDeploymentPostprocessing = 0;
		};
		18E15A4C19CCF0490014B63F /* Sources */ = {
			isa = PBXSourcesBuildPhase;
			buildActionMask = 2147483647;
			files = (
				18E15A5719CCF0490014B63F /* simpleAppTests.swift in Sources */,
			);
			runOnlyForDeploymentPostprocessing = 0;
		};
/* End PBXSourcesBuildPhase section */

/* Begin PBXTargetDependency section */
		18E15A5219CCF0490014B63F /* PBXTargetDependency */ = {
			isa = PBXTargetDependency;
			target = 18E15A3A19CCF0490014B63F /* simpleApp */;
			targetProxy = 18E15A5119CCF0490014B63F /* PBXContainerItemProxy */;
		};
/* End PBXTargetDependency section */

/* Begin PBXVariantGroup section */
		18E15A4419CCF0490014B63F /* Main.storyboard */ = {
			isa = PBXVariantGroup;
			children = (
				18E15A4519CCF0490014B63F /* Base */,
			);
			name = Main.storyboard;
			sourceTree = "<group>";
		};
		18E15A4919CCF0490014B63F /* LaunchScreen.xib */ = {
			isa = PBXVariantGroup;
			children = (
				18E15A4A19CCF0490014B63F /* Base */,
			);
			name = LaunchScreen.xib;
			sourceTree = "<group>";
		};
/* End PBXVariantGroup section */

/* Begin XCBuildConfiguration section */
		18E15A5819CCF0490014B63F /* Debug */ = {
			isa = XCBuildConfiguration;
			buildSettings = {
				ALWAYS_SEARCH_USER_PATHS = NO;
				CLANG_CXX_LANGUAGE_STANDARD = "gnu++0x";
				CLANG_CXX_LIBRARY = "libc++";
				CLANG_ENABLE_MODULES = YES;
				CLANG_ENABLE_OBJC_ARC = YES;
				CLANG_WARN_BOOL_CONVERSION = YES;
				CLANG_WARN_CONSTANT_CONVERSION = YES;
				CLANG_WARN_DIRECT_OBJC_ISA_USAGE = YES_ERROR;
				CLANG_WARN_EMPTY_BODY = YES;
				CLANG_WARN_ENUM_CONVERSION = YES;
				CLANG_WARN_INT_CONVERSION = YES;
				CLANG_WARN_OBJC_ROOT_CLASS = YES_ERROR;
				CLANG_WARN_UNREACHABLE_CODE = YES;
				CLANG_WARN__DUPLICATE_METHOD_MATCH = YES;
				"CODE_SIGN_IDENTITY[sdk=iphoneos*]" = "iPhone Developer";
				COPY_PHASE_STRIP = NO;
				ENABLE_STRICT_OBJC_MSGSEND = YES;
				GCC_C_LANGUAGE_STANDARD = gnu99;
				GCC_DYNAMIC_NO_PIC = NO;
				GCC_OPTIMIZATION_LEVEL = 0;
				GCC_PREPROCESSOR_DEFINITIONS = (
					"DEBUG=1",
					"$(inherited)",
				);
				GCC_SYMBOLS_PRIVATE_EXTERN = NO;
				GCC_WARN_64_TO_32_BIT_CONVERSION = YES;
				GCC_WARN_ABOUT_RETURN_TYPE = YES_ERROR;
				GCC_WARN_UNDECLARED_SELECTOR = YES;
				GCC_WARN_UNINITIALIZED_AUTOS = YES_AGGRESSIVE;
				GCC_WARN_UNUSED_FUNCTION = YES;
				GCC_WARN_UNUSED_VARIABLE = YES;
				IPHONEOS_DEPLOYMENT_TARGET = 7.1;
				MTL_ENABLE_DEBUG_INFO = YES;
				ONLY_ACTIVE_ARCH = YES;
				SDKROOT = iphoneos;
				SWIFT_OPTIMIZATION_LEVEL = "-Onone";
				TARGETED_DEVICE_FAMILY = "1,2";
			};
			name = Debug;
		};
		18E15A5919CCF0490014B63F /* Release */ = {
			isa = XCBuildConfiguration;
			buildSettings = {
				ALWAYS_SEARCH_USER_PATHS = NO;
				CLANG_CXX_LANGUAGE_STANDARD = "gnu++0x";
				CLANG_CXX_LIBRARY = "libc++";
				CLANG_ENABLE_MODULES = YES;
				CLANG_ENABLE_OBJC_ARC = YES;
				CLANG_WARN_BOOL_CONVERSION = YES;
				CLANG_WARN_CONSTANT_CONVERSION = YES;
				CLANG_WARN_DIRECT_OBJC_ISA_USAGE = YES_ERROR;
				CLANG_WARN_EMPTY_BODY = YES;
				CLANG_WARN_ENUM_CONVERSION = YES;
				CLANG_WARN_INT_CONVERSION = YES;
				CLANG_WARN_OBJC_ROOT_CLASS = YES_ERROR;
				CLANG_WARN_UNREACHABLE_CODE = YES;
				CLANG_WARN__DUPLICATE_METHOD_MATCH = YES;
				"CODE_SIGN_IDENTITY[sdk=iphoneos*]" = "iPhone Developer";
				COPY_PHASE_STRIP = YES;
				ENABLE_NS_ASSERTIONS = NO;
				ENABLE_STRICT_OBJC_MSGSEND = YES;
				GCC_C_LANGUAGE_STANDARD = gnu99;
				GCC_WARN_64_TO_32_BIT_CONVERSION = YES;
				GCC_WARN_ABOUT_RETURN_TYPE = YES_ERROR;
				GCC_WARN_UNDECLARED_SELECTOR = YES;
				GCC_WARN_UNINITIALIZED_AUTOS = YES_AGGRESSIVE;
				GCC_WARN_UNUSED_FUNCTION = YES;
				GCC_WARN_UNUSED_VARIABLE = YES;
				IPHONEOS_DEPLOYMENT_TARGET = 7.1;
				MTL_ENABLE_DEBUG_INFO = NO;
				SDKROOT = iphoneos;
				TARGETED_DEVICE_FAMILY = "1,2";
				VALIDATE_PRODUCT = YES;
			};
			name = Release;
		};
		18E15A5B19CCF0490014B63F /* Debug */ = {
			isa = XCBuildConfiguration;
			buildSettings = {
				ASSETCATALOG_COMPILER_APPICON_NAME = AppIcon;
				ASSETCATALOG_COMPILER_LAUNCHIMAGE_NAME = LaunchImage;
				CODE_SIGN_IDENTITY = "iPhone Developer";
				"CODE_SIGN_IDENTITY[sdk=iphoneos*]" = "iPhone Developer";
				INFOPLIST_FILE = simpleApp/Info.plist;
				LD_RUNPATH_SEARCH_PATHS = "$(inherited) @executable_path/Frameworks";
				PRODUCT_NAME = "$(TARGET_NAME)";
				PROVISIONING_PROFILE = "";
				TARGETED_DEVICE_FAMILY = 1;
			};
			name = Debug;
		};
		18E15A5C19CCF0490014B63F /* Release */ = {
			isa = XCBuildConfiguration;
			buildSettings = {
				ASSETCATALOG_COMPILER_APPICON_NAME = AppIcon;
				ASSETCATALOG_COMPILER_LAUNCHIMAGE_NAME = LaunchImage;
				CODE_SIGN_IDENTITY = "iPhone Developer";
				"CODE_SIGN_IDENTITY[sdk=iphoneos*]" = "iPhone Developer";
				INFOPLIST_FILE = simpleApp/Info.plist;
				LD_RUNPATH_SEARCH_PATHS = "$(inherited) @executable_path/Frameworks";
				PRODUCT_NAME = "$(TARGET_NAME)";
				PROVISIONING_PROFILE = "";
				TARGETED_DEVICE_FAMILY = 1;
			};
			name = Release;
		};
		18E15A5E19CCF0490014B63F /* Debug */ = {
			isa = XCBuildConfiguration;
			buildSettings = {
				BUNDLE_LOADER = "$(TEST_HOST)";
				FRAMEWORK_SEARCH_PATHS = (
					"$(SDKROOT)/Developer/Library/Frameworks",
					"$(inherited)",
				);
				GCC_PREPROCESSOR_DEFINITIONS = (
					"DEBUG=1",
					"$(inherited)",
				);
				INFOPLIST_FILE = simpleAppTests/Info.plist;
				LD_RUNPATH_SEARCH_PATHS = "$(inherited) @executable_path/Frameworks @loader_path/Frameworks";
				PRODUCT_NAME = "$(TARGET_NAME)";
				TEST_HOST = "$(BUILT_PRODUCTS_DIR)/simpleApp.app/simpleApp";
			};
			name = Debug;
		};
		18E15A5F19CCF0490014B63F /* Release */ = {
			isa = XCBuildConfiguration;
			buildSettings = {
				BUNDLE_LOADER = "$(TEST_HOST)";
				FRAMEWORK_SEARCH_PATHS = (
					"$(SDKROOT)/Developer/Library/Frameworks",
					"$(inherited)",
				);
				INFOPLIST_FILE = simpleAppTests/Info.plist;
				LD_RUNPATH_SEARCH_PATHS = "$(inherited) @executable_path/Frameworks @loader_path/Frameworks";
				PRODUCT_NAME = "$(TARGET_NAME)";
				TEST_HOST = "$(BUILT_PRODUCTS_DIR)/simpleApp.app/simpleApp";
			};
			name = Release;
		};
/* End XCBuildConfiguration section */

/* Begin XCConfigurationList section */
		18E15A3619CCF0490014B63F /* Build configuration list for PBXProject "simpleApp" */ = {
			isa = XCConfigurationList;
			buildConfigurations = (
				18E15A5819CCF0490014B63F /* Debug */,
				18E15A5919CCF0490014B63F /* Release */,
			);
			defaultConfigurationIsVisible = 0;
			defaultConfigurationName = Release;
		};
		18E15A5A19CCF0490014B63F /* Build configuration list for PBXNativeTarget "simpleApp" */ = {
			isa = XCConfigurationList;
			buildConfigurations = (
				18E15A5B19CCF0490014B63F /* Debug */,
				18E15A5C19CCF0490014B63F /* Release */,
			);
			defaultConfigurationIsVisible = 0;
			defaultConfigurationName = Release;
		};
		18E15A5D19CCF0490014B63F /* Build configuration list for PBXNativeTarget "simpleAppTests" */ = {
			isa = XCConfigurationList;
			buildConfigurations = (
				18E15A5E19CCF0490014B63F /* Debug */,
				18E15A5F19CCF0490014B63F /* Release */,
			);
			defaultConfigurationIsVisible = 0;
			defaultConfigurationName = Release;
		};
/* End XCConfigurationList section */
	};
	rootObject = 18E15A3319CCF0490014B63F /* Project object */;
}
